
Microsoft Visual Studio Solution File, Format Version 12.00
# Visual Studio Version 17
VisualStudioVersion = 17.4.33122.133
MinimumVisualStudioVersion = 10.0.40219.1
Project("{FAE04EC0-301F-11D3-BF4B-00C04F79EFBC}") = "KnilaAPI", "KnilaAPI\KnilaAPI.csproj", "{C14FCC6C-CC50-4A68-BC5D-98A5AD3D5F5E}"
EndProject
Project("{54A90642-561A-4BB1-A94E-469ADEE60C69}") = "knilaUI", "knilaUI\knilaUI.esproj", "{4FCE40E4-C261-47C2-B744-61063C19038F}"
EndProject
Global
	GlobalSection(SolutionConfigurationPlatforms) = preSolution
		Debug|Any CPU = Debug|Any CPU
		Release|Any CPU = Release|Any CPU
	EndGlobalSection
	GlobalSection(ProjectConfigurationPlatforms) = postSolution
		{C14FCC6C-CC50-4A68-BC5D-98A5AD3D5F5E}.Debug|Any CPU.ActiveCfg = Debug|Any CPU
		{C14FCC6C-CC50-4A68-BC5D-98A5AD3D5F5E}.Debug|Any CPU.Build.0 = Debug|Any CPU
		{C14FCC6C-CC50-4A68-BC5D-98A5AD3D5F5E}.Release|Any CPU.ActiveCfg = Release|Any CPU
		{C14FCC6C-CC50-4A68-BC5D-98A5AD3D5F5E}.Release|Any CPU.Build.0 = Release|Any CPU
		{4FCE40E4-C261-47C2-B744-61063C19038F}.Debug|Any CPU.ActiveCfg = Debug|Any CPU
		{4FCE40E4-C261-47C2-B744-61063C19038F}.Debug|Any CPU.Build.0 = Debug|Any CPU
		{4FCE40E4-C261-47C2-B744-61063C19038F}.Debug|Any CPU.Deploy.0 = Debug|Any CPU
		{4FCE40E4-C261-47C2-B744-61063C19038F}.Release|Any CPU.ActiveCfg = Release|Any CPU
		{4FCE40E4-C261-47C2-B744-61063C19038F}.Release|Any CPU.Build.0 = Release|Any CPU
		{4FCE40E4-C261-47C2-B744-61063C19038F}.Release|Any CPU.Deploy.0 = Release|Any CPU
	EndGlobalSection
	GlobalSection(SolutionProperties) = preSolution
		HideSolutionNode = FALSE
	EndGlobalSection
	GlobalSection(ExtensibilityGlobals) = postSolution
		SolutionGuid = {303FC2BA-AAB0-45C0-88D3-719886B72C7C}
	EndGlobalSection
EndGlobal
